
Microsoft Visual Studio Solution File, Format Version 12.00
# Visual Studio Version 17
VisualStudioVersion = 17.0.31903.59
MinimumVisualStudioVersion = 10.0.40219.1
Project("{2150E333-8FDC-42A3-9474-1A3956D46DE8}") = "src", "src", "{827E0CD3-B72D-47B6-A68D-7590B98EB39B}"
EndProject
Project("{FAE04EC0-301F-11D3-BF4B-00C04F79EFBC}") = "SustainablePS.Core", "src\SustainablePS.Core\SustainablePS.Core.csproj", "{D9293FB7-248A-4F15-829B-EC0E2050CD2C}"
EndProject
Project("{FAE04EC0-301F-11D3-BF4B-00C04F79EFBC}") = "SustainablePS.Maui", "src\SustainablePS.Maui\SustainablePS.Maui.csproj", "{AB96E331-2233-4274-968C-1FCB26F291D2}"
EndProject
Project("{2150E333-8FDC-42A3-9474-1A3956D46DE8}") = "tests", "tests", "{0AB3BF05-4346-4AA6-1389-037BE0695223}"
EndProject
Project("{FAE04EC0-301F-11D3-BF4B-00C04F79EFBC}") = "SustainablePS.Core.Tests", "tests\SustainablePS.Core.Tests\SustainablePS.Core.Tests.csproj", "{6563BCD1-E6D4-4F34-B9D4-57C40F70FE01}"
EndProject
Project("{FAE04EC0-301F-11D3-BF4B-00C04F79EFBC}") = "SustainablePS.Web", "src\SustainablePS.Web\SustainablePS.Web.csproj", "{16F1E893-C71F-43B9-AD23-F41A83628CC0}"
EndProject
Project("{FAE04EC0-301F-11D3-BF4B-00C04F79EFBC}") = "SustainablePS.Api", "src\SustainablePS.Api\SustainablePS.Api.csproj", "{5F69D1C8-6645-4488-89B6-BDD30A7A105A}"
EndProject
Project("{FAE04EC0-301F-11D3-BF4B-00C04F79EFBC}") = "SustainablePS.Tests", "tests\SustainablePS.Tests\SustainablePS.Tests.csproj", "{6D637670-5E4C-47D6-AC8C-2C8A303A581E}"
EndProject
Global
	GlobalSection(SolutionConfigurationPlatforms) = preSolution
		Debug|Any CPU = Debug|Any CPU
		Debug|x64 = Debug|x64
		Debug|x86 = Debug|x86
		Release|Any CPU = Release|Any CPU
		Release|x64 = Release|x64
		Release|x86 = Release|x86
	EndGlobalSection
	GlobalSection(ProjectConfigurationPlatforms) = postSolution
		{D9293FB7-248A-4F15-829B-EC0E2050CD2C}.Debug|Any CPU.ActiveCfg = Debug|Any CPU
		{D9293FB7-248A-4F15-829B-EC0E2050CD2C}.Debug|Any CPU.Build.0 = Debug|Any CPU
		{D9293FB7-248A-4F15-829B-EC0E2050CD2C}.Debug|x64.ActiveCfg = Debug|Any CPU
		{D9293FB7-248A-4F15-829B-EC0E2050CD2C}.Debug|x64.Build.0 = Debug|Any CPU
		{D9293FB7-248A-4F15-829B-EC0E2050CD2C}.Debug|x86.ActiveCfg = Debug|Any CPU
		{D9293FB7-248A-4F15-829B-EC0E2050CD2C}.Debug|x86.Build.0 = Debug|Any CPU
		{D9293FB7-248A-4F15-829B-EC0E2050CD2C}.Release|Any CPU.ActiveCfg = Release|Any CPU
		{D9293FB7-248A-4F15-829B-EC0E2050CD2C}.Release|Any CPU.Build.0 = Release|Any CPU
		{D9293FB7-248A-4F15-829B-EC0E2050CD2C}.Release|x64.ActiveCfg = Release|Any CPU
		{D9293FB7-248A-4F15-829B-EC0E2050CD2C}.Release|x64.Build.0 = Release|Any CPU
		{D9293FB7-248A-4F15-829B-EC0E2050CD2C}.Release|x86.ActiveCfg = Release|Any CPU
		{D9293FB7-248A-4F15-829B-EC0E2050CD2C}.Release|x86.Build.0 = Release|Any CPU
		{AB96E331-2233-4274-968C-1FCB26F291D2}.Debug|Any CPU.ActiveCfg = Debug|Any CPU
		{AB96E331-2233-4274-968C-1FCB26F291D2}.Debug|Any CPU.Build.0 = Debug|Any CPU
		{AB96E331-2233-4274-968C-1FCB26F291D2}.Debug|x64.ActiveCfg = Debug|Any CPU
		{AB96E331-2233-4274-968C-1FCB26F291D2}.Debug|x64.Build.0 = Debug|Any CPU
		{AB96E331-2233-4274-968C-1FCB26F291D2}.Debug|x86.ActiveCfg = Debug|Any CPU
		{AB96E331-2233-4274-968C-1FCB26F291D2}.Debug|x86.Build.0 = Debug|Any CPU
		{AB96E331-2233-4274-968C-1FCB26F291D2}.Release|Any CPU.ActiveCfg = Release|Any CPU
		{AB96E331-2233-4274-968C-1FCB26F291D2}.Release|Any CPU.Build.0 = Release|Any CPU
		{AB96E331-2233-4274-968C-1FCB26F291D2}.Release|x64.ActiveCfg = Release|Any CPU
		{AB96E331-2233-4274-968C-1FCB26F291D2}.Release|x64.Build.0 = Release|Any CPU
		{AB96E331-2233-4274-968C-1FCB26F291D2}.Release|x86.ActiveCfg = Release|Any CPU
		{AB96E331-2233-4274-968C-1FCB26F291D2}.Release|x86.Build.0 = Release|Any CPU
		{6563BCD1-E6D4-4F34-B9D4-57C40F70FE01}.Debug|Any CPU.ActiveCfg = Debug|Any CPU
		{6563BCD1-E6D4-4F34-B9D4-57C40F70FE01}.Debug|Any CPU.Build.0 = Debug|Any CPU
		{6563BCD1-E6D4-4F34-B9D4-57C40F70FE01}.Debug|x64.ActiveCfg = Debug|Any CPU
		{6563BCD1-E6D4-4F34-B9D4-57C40F70FE01}.Debug|x64.Build.0 = Debug|Any CPU
		{6563BCD1-E6D4-4F34-B9D4-57C40F70FE01}.Debug|x86.ActiveCfg = Debug|Any CPU
		{6563BCD1-E6D4-4F34-B9D4-57C40F70FE01}.Debug|x86.Build.0 = Debug|Any CPU
		{6563BCD1-E6D4-4F34-B9D4-57C40F70FE01}.Release|Any CPU.ActiveCfg = Release|Any CPU
		{6563BCD1-E6D4-4F34-B9D4-57C40F70FE01}.Release|Any CPU.Build.0 = Release|Any CPU
		{6563BCD1-E6D4-4F34-B9D4-57C40F70FE01}.Release|x64.ActiveCfg = Release|Any CPU
		{6563BCD1-E6D4-4F34-B9D4-57C40F70FE01}.Release|x64.Build.0 = Release|Any CPU
		{6563BCD1-E6D4-4F34-B9D4-57C40F70FE01}.Release|x86.ActiveCfg = Release|Any CPU
		{6563BCD1-E6D4-4F34-B9D4-57C40F70FE01}.Release|x86.Build.0 = Release|Any CPU
		{16F1E893-C71F-43B9-AD23-F41A83628CC0}.Debug|Any CPU.ActiveCfg = Debug|Any CPU
		{16F1E893-C71F-43B9-AD23-F41A83628CC0}.Debug|Any CPU.Build.0 = Debug|Any CPU
		{16F1E893-C71F-43B9-AD23-F41A83628CC0}.Debug|x64.ActiveCfg = Debug|Any CPU
		{16F1E893-C71F-43B9-AD23-F41A83628CC0}.Debug|x64.Build.0 = Debug|Any CPU
		{16F1E893-C71F-43B9-AD23-F41A83628CC0}.Debug|x86.ActiveCfg = Debug|Any CPU
		{16F1E893-C71F-43B9-AD23-F41A83628CC0}.Debug|x86.Build.0 = Debug|Any CPU
		{16F1E893-C71F-43B9-AD23-F41A83628CC0}.Release|Any CPU.ActiveCfg = Release|Any CPU
		{16F1E893-C71F-43B9-AD23-F41A83628CC0}.Release|Any CPU.Build.0 = Release|Any CPU
		{16F1E893-C71F-43B9-AD23-F41A83628CC0}.Release|x64.ActiveCfg = Release|Any CPU
		{16F1E893-C71F-43B9-AD23-F41A83628CC0}.Release|x64.Build.0 = Release|Any CPU
		{16F1E893-C71F-43B9-AD23-F41A83628CC0}.Release|x86.ActiveCfg = Release|Any CPU
		{16F1E893-C71F-43B9-AD23-F41A83628CC0}.Release|x86.Build.0 = Release|Any CPU
		{5F69D1C8-6645-4488-89B6-BDD30A7A105A}.Debug|Any CPU.ActiveCfg = Debug|Any CPU
		{5F69D1C8-6645-4488-89B6-BDD30A7A105A}.Debug|Any CPU.Build.0 = Debug|Any CPU
		{5F69D1C8-6645-4488-89B6-BDD30A7A105A}.Debug|x64.ActiveCfg = Debug|Any CPU
		{5F69D1C8-6645-4488-89B6-BDD30A7A105A}.Debug|x64.Build.0 = Debug|Any CPU
		{5F69D1C8-6645-4488-89B6-BDD30A7A105A}.Debug|x86.ActiveCfg = Debug|Any CPU
		{5F69D1C8-6645-4488-89B6-BDD30A7A105A}.Debug|x86.Build.0 = Debug|Any CPU
		{5F69D1C8-6645-4488-89B6-BDD30A7A105A}.Release|Any CPU.ActiveCfg = Release|Any CPU
		{5F69D1C8-6645-4488-89B6-BDD30A7A105A}.Release|Any CPU.Build.0 = Release|Any CPU
		{5F69D1C8-6645-4488-89B6-BDD30A7A105A}.Release|x64.ActiveCfg = Release|Any CPU
		{5F69D1C8-6645-4488-89B6-BDD30A7A105A}.Release|x64.Build.0 = Release|Any CPU
		{5F69D1C8-6645-4488-89B6-BDD30A7A105A}.Release|x86.ActiveCfg = Release|Any CPU
		{5F69D1C8-6645-4488-89B6-BDD30A7A105A}.Release|x86.Build.0 = Release|Any CPU
		{6D637670-5E4C-47D6-AC8C-2C8A303A581E}.Debug|Any CPU.ActiveCfg = Debug|Any CPU
		{6D637670-5E4C-47D6-AC8C-2C8A303A581E}.Debug|Any CPU.Build.0 = Debug|Any CPU
		{6D637670-5E4C-47D6-AC8C-2C8A303A581E}.Debug|x64.ActiveCfg = Debug|Any CPU
		{6D637670-5E4C-47D6-AC8C-2C8A303A581E}.Debug|x64.Build.0 = Debug|Any CPU
		{6D637670-5E4C-47D6-AC8C-2C8A303A581E}.Debug|x86.ActiveCfg = Debug|Any CPU
		{6D637670-5E4C-47D6-AC8C-2C8A303A581E}.Debug|x86.Build.0 = Debug|Any CPU
		{6D637670-5E4C-47D6-AC8C-2C8A303A581E}.Release|Any CPU.ActiveCfg = Release|Any CPU
		{6D637670-5E4C-47D6-AC8C-2C8A303A581E}.Release|Any CPU.Build.0 = Release|Any CPU
		{6D637670-5E4C-47D6-AC8C-2C8A303A581E}.Release|x64.ActiveCfg = Release|Any CPU
		{6D637670-5E4C-47D6-AC8C-2C8A303A581E}.Release|x64.Build.0 = Release|Any CPU
		{6D637670-5E4C-47D6-AC8C-2C8A303A581E}.Release|x86.ActiveCfg = Release|Any CPU
		{6D637670-5E4C-47D6-AC8C-2C8A303A581E}.Release|x86.Build.0 = Release|Any CPU
	EndGlobalSection
	GlobalSection(SolutionProperties) = preSolution
		HideSolutionNode = FALSE
	EndGlobalSection
	GlobalSection(NestedProjects) = preSolution
		{D9293FB7-248A-4F15-829B-EC0E2050CD2C} = {827E0CD3-B72D-47B6-A68D-7590B98EB39B}
		{AB96E331-2233-4274-968C-1FCB26F291D2} = {827E0CD3-B72D-47B6-A68D-7590B98EB39B}
		{6563BCD1-E6D4-4F34-B9D4-57C40F70FE01} = {0AB3BF05-4346-4AA6-1389-037BE0695223}
		{16F1E893-C71F-43B9-AD23-F41A83628CC0} = {827E0CD3-B72D-47B6-A68D-7590B98EB39B}
		{5F69D1C8-6645-4488-89B6-BDD30A7A105A} = {827E0CD3-B72D-47B6-A68D-7590B98EB39B}
		{6D637670-5E4C-47D6-AC8C-2C8A303A581E} = {0AB3BF05-4346-4AA6-1389-037BE0695223}
	EndGlobalSection
EndGlobal
